// !$*UTF8*$!
{
	archiveVersion = 1;
	classes = {
	};
	objectVersion = 55;
	objects = {

/* Begin PBXBuildFile section */
		18AD340C27DC5240006F4C26 /* AppDelegate.swift in Sources */ = {isa = PBXBuildFile; fileRef = 18AD340B27DC5240006F4C26 /* AppDelegate.swift */; };
		18AD340E27DC5240006F4C26 /* SceneDelegate.swift in Sources */ = {isa = PBXBuildFile; fileRef = 18AD340D27DC5240006F4C26 /* SceneDelegate.swift */; };
		18AD341027DC5240006F4C26 /* MovieListVC.swift in Sources */ = {isa = PBXBuildFile; fileRef = 18AD340F27DC5240006F4C26 /* MovieListVC.swift */; };
		18AD341327DC5240006F4C26 /* Main.storyboard in Resources */ = {isa = PBXBuildFile; fileRef = 18AD341127DC5240006F4C26 /* Main.storyboard */; };
		18AD341527DC5242006F4C26 /* Assets.xcassets in Resources */ = {isa = PBXBuildFile; fileRef = 18AD341427DC5242006F4C26 /* Assets.xcassets */; };
		18AD341827DC5242006F4C26 /* LaunchScreen.storyboard in Resources */ = {isa = PBXBuildFile; fileRef = 18AD341627DC5242006F4C26 /* LaunchScreen.storyboard */; };
		18AD342527DC55C4006F4C26 /* MovieListVM.swift in Sources */ = {isa = PBXBuildFile; fileRef = 18AD342427DC55C4006F4C26 /* MovieListVM.swift */; };
		18AD342727DC5A16006F4C26 /* RootModel.swift in Sources */ = {isa = PBXBuildFile; fileRef = 18AD342627DC5A16006F4C26 /* RootModel.swift */; };
		18AD342927DC5F0B006F4C26 /* MovieModel.swift in Sources */ = {isa = PBXBuildFile; fileRef = 18AD342827DC5F0B006F4C26 /* MovieModel.swift */; };
		18AD342C27DC6A7F006F4C26 /* UIViewController+Extension.swift in Sources */ = {isa = PBXBuildFile; fileRef = 18AD342B27DC6A7F006F4C26 /* UIViewController+Extension.swift */; };
		18AD342F27DC6BCF006F4C26 /* MovieListCell.swift in Sources */ = {isa = PBXBuildFile; fileRef = 18AD342D27DC6BCF006F4C26 /* MovieListCell.swift */; };
		18AD343027DC6BCF006F4C26 /* MovieListCell.xib in Resources */ = {isa = PBXBuildFile; fileRef = 18AD342E27DC6BCF006F4C26 /* MovieListCell.xib */; };
		18AD343227DC6D11006F4C26 /* UIImageView+Extension.swift in Sources */ = {isa = PBXBuildFile; fileRef = 18AD343127DC6D11006F4C26 /* UIImageView+Extension.swift */; };
		18AD343527DC73B2006F4C26 /* Constant.swift in Sources */ = {isa = PBXBuildFile; fileRef = 18AD343427DC73B2006F4C26 /* Constant.swift */; };
		18AD343727DC7ECC006F4C26 /* MovieDetailVC.swift in Sources */ = {isa = PBXBuildFile; fileRef = 18AD343627DC7ECC006F4C26 /* MovieDetailVC.swift */; };
		18AD343927DC7FB3006F4C26 /* MovieDetailVM.swift in Sources */ = {isa = PBXBuildFile; fileRef = 18AD343827DC7FB3006F4C26 /* MovieDetailVM.swift */; };
		18AD343B27DC8060006F4C26 /* MovieDetailModel.swift in Sources */ = {isa = PBXBuildFile; fileRef = 18AD343A27DC8060006F4C26 /* MovieDetailModel.swift */; };
		1F417D11D8D0335D6AE3DFE3 /* Pods_Practical_Movie.framework in Frameworks */ = {isa = PBXBuildFile; fileRef = E096786D3A6120D9F1794E2E /* Pods_Practical_Movie.framework */; };
/* End PBXBuildFile section */

/* Begin PBXFileReference section */
		1733FBDD904B6BFAE140B5EC /* Pods-Practical_Movie.debug.xcconfig */ = {isa = PBXFileReference; includeInIndex = 1; lastKnownFileType = text.xcconfig; name = "Pods-Practical_Movie.debug.xcconfig"; path = "Target Support Files/Pods-Practical_Movie/Pods-Practical_Movie.debug.xcconfig"; sourceTree = "<group>"; };
		18AD340827DC523F006F4C26 /* Practical_Movie.app */ = {isa = PBXFileReference; explicitFileType = wrapper.application; includeInIndex = 0; path = Practical_Movie.app; sourceTree = BUILT_PRODUCTS_DIR; };
		18AD340B27DC5240006F4C26 /* AppDelegate.swift */ = {isa = PBXFileReference; lastKnownFileType = sourcecode.swift; path = AppDelegate.swift; sourceTree = "<group>"; };
		18AD340D27DC5240006F4C26 /* SceneDelegate.swift */ = {isa = PBXFileReference; lastKnownFileType = sourcecode.swift; path = SceneDelegate.swift; sourceTree = "<group>"; };
		18AD340F27DC5240006F4C26 /* MovieListVC.swift */ = {isa = PBXFileReference; lastKnownFileType = sourcecode.swift; path = MovieListVC.swift; sourceTree = "<group>"; };
		18AD341227DC5240006F4C26 /* Base */ = {isa = PBXFileReference; lastKnownFileType = file.storyboard; name = Base; path = Base.lproj/Main.storyboard; sourceTree = "<group>"; };
		18AD341427DC5242006F4C26 /* Assets.xcassets */ = {isa = PBXFileReference; lastKnownFileType = folder.assetcatalog; path = Assets.xcassets; sourceTree = "<group>"; };
		18AD341727DC5242006F4C26 /* Base */ = {isa = PBXFileReference; lastKnownFileType = file.storyboard; name = Base; path = Base.lproj/LaunchScreen.storyboard; sourceTree = "<group>"; };
		18AD341927DC5242006F4C26 /* Info.plist */ = {isa = PBXFileReference; lastKnownFileType = text.plist.xml; path = Info.plist; sourceTree = "<group>"; };
		18AD342427DC55C4006F4C26 /* MovieListVM.swift */ = {isa = PBXFileReference; lastKnownFileType = sourcecode.swift; path = MovieListVM.swift; sourceTree = "<group>"; };
		18AD342627DC5A16006F4C26 /* RootModel.swift */ = {isa = PBXFileReference; lastKnownFileType = sourcecode.swift; path = RootModel.swift; sourceTree = "<group>"; };
		18AD342827DC5F0B006F4C26 /* MovieModel.swift */ = {isa = PBXFileReference; lastKnownFileType = sourcecode.swift; path = MovieModel.swift; sourceTree = "<group>"; };
		18AD342B27DC6A7F006F4C26 /* UIViewController+Extension.swift */ = {isa = PBXFileReference; lastKnownFileType = sourcecode.swift; path = "UIViewController+Extension.swift"; sourceTree = "<group>"; };
		18AD342D27DC6BCF006F4C26 /* MovieListCell.swift */ = {isa = PBXFileReference; lastKnownFileType = sourcecode.swift; path = MovieListCell.swift; sourceTree = "<group>"; };
		18AD342E27DC6BCF006F4C26 /* MovieListCell.xib */ = {isa = PBXFileReference; lastKnownFileType = file.xib; path = MovieListCell.xib; sourceTree = "<group>"; };
		18AD343127DC6D11006F4C26 /* UIImageView+Extension.swift */ = {isa = PBXFileReference; lastKnownFileType = sourcecode.swift; path = "UIImageView+Extension.swift"; sourceTree = "<group>"; };
		18AD343427DC73B2006F4C26 /* Constant.swift */ = {isa = PBXFileReference; lastKnownFileType = sourcecode.swift; path = Constant.swift; sourceTree = "<group>"; };
		18AD343627DC7ECC006F4C26 /* MovieDetailVC.swift */ = {isa = PBXFileReference; lastKnownFileType = sourcecode.swift; path = MovieDetailVC.swift; sourceTree = "<group>"; };
		18AD343827DC7FB3006F4C26 /* MovieDetailVM.swift */ = {isa = PBXFileReference; lastKnownFileType = sourcecode.swift; path = MovieDetailVM.swift; sourceTree = "<group>"; };
		18AD343A27DC8060006F4C26 /* MovieDetailModel.swift */ = {isa = PBXFileReference; lastKnownFileType = sourcecode.swift; path = MovieDetailModel.swift; sourceTree = "<group>"; };
		8EBAA701E015BB8FAD30430B /* Pods-Practical_Movie.release.xcconfig */ = {isa = PBXFileReference; includeInIndex = 1; lastKnownFileType = text.xcconfig; name = "Pods-Practical_Movie.release.xcconfig"; path = "Target Support Files/Pods-Practical_Movie/Pods-Practical_Movie.release.xcconfig"; sourceTree = "<group>"; };
		E096786D3A6120D9F1794E2E /* Pods_Practical_Movie.framework */ = {isa = PBXFileReference; explicitFileType = wrapper.framework; includeInIndex = 0; path = Pods_Practical_Movie.framework; sourceTree = BUILT_PRODUCTS_DIR; };
/* End PBXFileReference section */

/* Begin PBXFrameworksBuildPhase section */
		18AD340527DC523F006F4C26 /* Frameworks */ = {
			isa = PBXFrameworksBuildPhase;
			buildActionMask = 2147483647;
			files = (
				1F417D11D8D0335D6AE3DFE3 /* Pods_Practical_Movie.framework in Frameworks */,
			);
			runOnlyForDeploymentPostprocessing = 0;
		};
/* End PBXFrameworksBuildPhase section */

/* Begin PBXGroup section */
		037B0735F9E14B211F66106A /* Pods */ = {
			isa = PBXGroup;
			children = (
				1733FBDD904B6BFAE140B5EC /* Pods-Practical_Movie.debug.xcconfig */,
				8EBAA701E015BB8FAD30430B /* Pods-Practical_Movie.release.xcconfig */,
			);
			path = Pods;
			sourceTree = "<group>";
		};
		18AD33FF27DC523F006F4C26 = {
			isa = PBXGroup;
			children = (
				18AD340A27DC523F006F4C26 /* Practical_Movie */,
				18AD340927DC523F006F4C26 /* Products */,
				037B0735F9E14B211F66106A /* Pods */,
				200CBD7A28DA7E0A5328B8B2 /* Frameworks */,
			);
			sourceTree = "<group>";
		};
		18AD340927DC523F006F4C26 /* Products */ = {
			isa = PBXGroup;
			children = (
				18AD340827DC523F006F4C26 /* Practical_Movie.app */,
			);
			name = Products;
			sourceTree = "<group>";
		};
		18AD340A27DC523F006F4C26 /* Practical_Movie */ = {
			isa = PBXGroup;
			children = (
				18AD340B27DC5240006F4C26 /* AppDelegate.swift */,
				18AD340D27DC5240006F4C26 /* SceneDelegate.swift */,
				18AD342327DC5547006F4C26 /* StoryBoard */,
				18AD342027DC54E9006F4C26 /* ViewController */,
				18AD341F27DC54CB006F4C26 /* TableCell */,
				18AD342127DC54F9006F4C26 /* ViewModel */,
				18AD342227DC5502006F4C26 /* Model */,
				18AD342A27DC6A59006F4C26 /* Extension */,
				18AD343327DC73A1006F4C26 /* Helper */,
				18AD341427DC5242006F4C26 /* Assets.xcassets */,
				18AD341627DC5242006F4C26 /* LaunchScreen.storyboard */,
				18AD341927DC5242006F4C26 /* Info.plist */,
			);
			path = Practical_Movie;
			sourceTree = "<group>";
		};
		18AD341F27DC54CB006F4C26 /* TableCell */ = {
			isa = PBXGroup;
			children = (
				18AD342D27DC6BCF006F4C26 /* MovieListCell.swift */,
				18AD342E27DC6BCF006F4C26 /* MovieListCell.xib */,
			);
			path = TableCell;
			sourceTree = "<group>";
		};
		18AD342027DC54E9006F4C26 /* ViewController */ = {
			isa = PBXGroup;
			children = (
				18AD340F27DC5240006F4C26 /* MovieListVC.swift */,
				18AD343627DC7ECC006F4C26 /* MovieDetailVC.swift */,
			);
			path = ViewController;
			sourceTree = "<group>";
		};
		18AD342127DC54F9006F4C26 /* ViewModel */ = {
			isa = PBXGroup;
			children = (
				18AD342427DC55C4006F4C26 /* MovieListVM.swift */,
				18AD343827DC7FB3006F4C26 /* MovieDetailVM.swift */,
			);
			path = ViewModel;
			sourceTree = "<group>";
		};
		18AD342227DC5502006F4C26 /* Model */ = {
			isa = PBXGroup;
			children = (
				18AD342627DC5A16006F4C26 /* RootModel.swift */,
				18AD342827DC5F0B006F4C26 /* MovieModel.swift */,
				18AD343A27DC8060006F4C26 /* MovieDetailModel.swift */,
			);
			path = Model;
			sourceTree = "<group>";
		};
		18AD342327DC5547006F4C26 /* StoryBoard */ = {
			isa = PBXGroup;
			children = (
				18AD341127DC5240006F4C26 /* Main.storyboard */,
			);
			path = StoryBoard;
			sourceTree = "<group>";
		};
		18AD342A27DC6A59006F4C26 /* Extension */ = {
			isa = PBXGroup;
			children = (
				18AD342B27DC6A7F006F4C26 /* UIViewController+Extension.swift */,
				18AD343127DC6D11006F4C26 /* UIImageView+Extension.swift */,
			);
			path = Extension;
			sourceTree = "<group>";
		};
		18AD343327DC73A1006F4C26 /* Helper */ = {
			isa = PBXGroup;
			children = (
				18AD343427DC73B2006F4C26 /* Constant.swift */,
			);
			path = Helper;
			sourceTree = "<group>";
		};
		200CBD7A28DA7E0A5328B8B2 /* Frameworks */ = {
			isa = PBXGroup;
			children = (
				E096786D3A6120D9F1794E2E /* Pods_Practical_Movie.framework */,
			);
			name = Frameworks;
			sourceTree = "<group>";
		};
/* End PBXGroup section */

/* Begin PBXNativeTarget section */
		18AD340727DC523F006F4C26 /* Practical_Movie */ = {
			isa = PBXNativeTarget;
			buildConfigurationList = 18AD341C27DC5242006F4C26 /* Build configuration list for PBXNativeTarget "Practical_Movie" */;
			buildPhases = (
				1F967D823D9576FBBE8C02E8 /* [CP] Check Pods Manifest.lock */,
				18AD340427DC523F006F4C26 /* Sources */,
				18AD340527DC523F006F4C26 /* Frameworks */,
				18AD340627DC523F006F4C26 /* Resources */,
				D310BD2160885DADB9CF2D96 /* [CP] Embed Pods Frameworks */,
			);
			buildRules = (
			);
			dependencies = (
			);
			name = Practical_Movie;
			productName = Practical_Movie;
			productReference = 18AD340827DC523F006F4C26 /* Practical_Movie.app */;
			productType = "com.apple.product-type.application";
		};
/* End PBXNativeTarget section */

/* Begin PBXProject section */
		18AD340027DC523F006F4C26 /* Project object */ = {
			isa = PBXProject;
			attributes = {
				BuildIndependentTargetsInParallel = 1;
				LastSwiftUpdateCheck = 1310;
				LastUpgradeCheck = 1310;
				TargetAttributes = {
					18AD340727DC523F006F4C26 = {
						CreatedOnToolsVersion = 13.1;
					};
				};
			};
			buildConfigurationList = 18AD340327DC523F006F4C26 /* Build configuration list for PBXProject "Practical_Movie" */;
			compatibilityVersion = "Xcode 13.0";
			developmentRegion = en;
			hasScannedForEncodings = 0;
			knownRegions = (
				en,
				Base,
			);
			mainGroup = 18AD33FF27DC523F006F4C26;
			productRefGroup = 18AD340927DC523F006F4C26 /* Products */;
			projectDirPath = "";
			projectRoot = "";
			targets = (
				18AD340727DC523F006F4C26 /* Practical_Movie */,
			);
		};
/* End PBXProject section */

/* Begin PBXResourcesBuildPhase section */
		18AD340627DC523F006F4C26 /* Resources */ = {
			isa = PBXResourcesBuildPhase;
			buildActionMask = 2147483647;
			files = (
				18AD341827DC5242006F4C26 /* LaunchScreen.storyboard in Resources */,
				18AD341527DC5242006F4C26 /* Assets.xcassets in Resources */,
				18AD343027DC6BCF006F4C26 /* MovieListCell.xib in Resources */,
				18AD341327DC5240006F4C26 /* Main.storyboard in Resources */,
			);
			runOnlyForDeploymentPostprocessing = 0;
		};
/* End PBXResourcesBuildPhase section */

/* Begin PBXShellScriptBuildPhase section */
		1F967D823D9576FBBE8C02E8 /* [CP] Check Pods Manifest.lock */ = {
			isa = PBXShellScriptBuildPhase;
			buildActionMask = 2147483647;
			files = (
			);
			inputFileListPaths = (
			);
			inputPaths = (
				"${PODS_PODFILE_DIR_PATH}/Podfile.lock",
				"${PODS_ROOT}/Manifest.lock",
			);
			name = "[CP] Check Pods Manifest.lock";
			outputFileListPaths = (
			);
			outputPaths = (
				"$(DERIVED_FILE_DIR)/Pods-Practical_Movie-checkManifestLockResult.txt",
			);
			runOnlyForDeploymentPostprocessing = 0;
			shellPath = /bin/sh;
			shellScript = "diff \"${PODS_PODFILE_DIR_PATH}/Podfile.lock\" \"${PODS_ROOT}/Manifest.lock\" > /dev/null\nif [ $? != 0 ] ; then\n    # print error to STDERR\n    echo \"error: The sandbox is not in sync with the Podfile.lock. Run 'pod install' or update your CocoaPods installation.\" >&2\n    exit 1\nfi\n# This output is used by Xcode 'outputs' to avoid re-running this script phase.\necho \"SUCCESS\" > \"${SCRIPT_OUTPUT_FILE_0}\"\n";
			showEnvVarsInLog = 0;
		};
		D310BD2160885DADB9CF2D96 /* [CP] Embed Pods Frameworks */ = {
			isa = PBXShellScriptBuildPhase;
			buildActionMask = 2147483647;
			files = (
			);
			inputFileListPaths = (
				"${PODS_ROOT}/Target Support Files/Pods-Practical_Movie/Pods-Practical_Movie-frameworks-${CONFIGURATION}-input-files.xcfilelist",
			);
			name = "[CP] Embed Pods Frameworks";
			outputFileListPaths = (
				"${PODS_ROOT}/Target Support Files/Pods-Practical_Movie/Pods-Practical_Movie-frameworks-${CONFIGURATION}-output-files.xcfilelist",
			);
			runOnlyForDeploymentPostprocessing = 0;
			shellPath = /bin/sh;
			shellScript = "\"${PODS_ROOT}/Target Support Files/Pods-Practical_Movie/Pods-Practical_Movie-frameworks.sh\"\n";
			showEnvVarsInLog = 0;
		};
/* End PBXShellScriptBuildPhase section */

/* Begin PBXSourcesBuildPhase section */
		18AD340427DC523F006F4C26 /* Sources */ = {
			isa = PBXSourcesBuildPhase;
			buildActionMask = 2147483647;
			files = (
				18AD343927DC7FB3006F4C26 /* MovieDetailVM.swift in Sources */,
				18AD342927DC5F0B006F4C26 /* MovieModel.swift in Sources */,
				18AD341027DC5240006F4C26 /* MovieListVC.swift in Sources */,
				18AD342F27DC6BCF006F4C26 /* MovieListCell.swift in Sources */,
				18AD343227DC6D11006F4C26 /* UIImageView+Extension.swift in Sources */,
				18AD340C27DC5240006F4C26 /* AppDelegate.swift in Sources */,
				18AD343727DC7ECC006F4C26 /* MovieDetailVC.swift in Sources */,
				18AD343B27DC8060006F4C26 /* MovieDetailModel.swift in Sources */,
				18AD340E27DC5240006F4C26 /* SceneDelegate.swift in Sources */,
				18AD342C27DC6A7F006F4C26 /* UIViewController+Extension.swift in Sources */,
				18AD343527DC73B2006F4C26 /* Constant.swift in Sources */,
				18AD342727DC5A16006F4C26 /* RootModel.swift in Sources */,
				18AD342527DC55C4006F4C26 /* MovieListVM.swift in Sources */,
			);
			runOnlyForDeploymentPostprocessing = 0;
		};
/* End PBXSourcesBuildPhase section */

/* Begin PBXVariantGroup section */
		18AD341127DC5240006F4C26 /* Main.storyboard */ = {
			isa = PBXVariantGroup;
			children = (
				18AD341227DC5240006F4C26 /* Base */,
			);
			name = Main.storyboard;
			sourceTree = "<group>";
		};
		18AD341627DC5242006F4C26 /* LaunchScreen.storyboard */ = {
			isa = PBXVariantGroup;
			children = (
				18AD341727DC5242006F4C26 /* Base */,
			);
			name = LaunchScreen.storyboard;
			sourceTree = "<group>";
		};
/* End PBXVariantGroup section */

/* Begin XCBuildConfiguration section */
		18AD341A27DC5242006F4C26 /* Debug */ = {
			isa = XCBuildConfiguration;
			buildSettings = {
				ALWAYS_SEARCH_USER_PATHS = NO;
				CLANG_ANALYZER_NONNULL = YES;
				CLANG_ANALYZER_NUMBER_OBJECT_CONVERSION = YES_AGGRESSIVE;
				CLANG_CXX_LANGUAGE_STANDARD = "gnu++17";
				CLANG_CXX_LIBRARY = "libc++";
				CLANG_ENABLE_MODULES = YES;
				CLANG_ENABLE_OBJC_ARC = YES;
				CLANG_ENABLE_OBJC_WEAK = YES;
				CLANG_WARN_BLOCK_CAPTURE_AUTORELEASING = YES;
				CLANG_WARN_BOOL_CONVERSION = YES;
				CLANG_WARN_COMMA = YES;
				CLANG_WARN_CONSTANT_CONVERSION = YES;
				CLANG_WARN_DEPRECATED_OBJC_IMPLEMENTATIONS = YES;
				CLANG_WARN_DIRECT_OBJC_ISA_USAGE = YES_ERROR;
				CLANG_WARN_DOCUMENTATION_COMMENTS = YES;
				CLANG_WARN_EMPTY_BODY = YES;
				CLANG_WARN_ENUM_CONVERSION = YES;
				CLANG_WARN_INFINITE_RECURSION = YES;
				CLANG_WARN_INT_CONVERSION = YES;
				CLANG_WARN_NON_LITERAL_NULL_CONVERSION = YES;
				CLANG_WARN_OBJC_IMPLICIT_RETAIN_SELF = YES;
				CLANG_WARN_OBJC_LITERAL_CONVERSION = YES;
				CLANG_WARN_OBJC_ROOT_CLASS = YES_ERROR;
				CLANG_WARN_QUOTED_INCLUDE_IN_FRAMEWORK_HEADER = YES;
				CLANG_WARN_RANGE_LOOP_ANALYSIS = YES;
				CLANG_WARN_STRICT_PROTOTYPES = YES;
				CLANG_WARN_SUSPICIOUS_MOVE = YES;
				CLANG_WARN_UNGUARDED_AVAILABILITY = YES_AGGRESSIVE;
				CLANG_WARN_UNREACHABLE_CODE = YES;
				CLANG_WARN__DUPLICATE_METHOD_MATCH = YES;
				COPY_PHASE_STRIP = NO;
				DEBUG_INFORMATION_FORMAT = dwarf;
				ENABLE_STRICT_OBJC_MSGSEND = YES;
				ENABLE_TESTABILITY = YES;
				GCC_C_LANGUAGE_STANDARD = gnu11;
				GCC_DYNAMIC_NO_PIC = NO;
				GCC_NO_COMMON_BLOCKS = YES;
				GCC_OPTIMIZATION_LEVEL = 0;
				GCC_PREPROCESSOR_DEFINITIONS = (
					"DEBUG=1",
					"$(inherited)",
				);
				GCC_WARN_64_TO_32_BIT_CONVERSION = YES;
				GCC_WARN_ABOUT_RETURN_TYPE = YES_ERROR;
				GCC_WARN_UNDECLARED_SELECTOR = YES;
				GCC_WARN_UNINITIALIZED_AUTOS = YES_AGGRESSIVE;
				GCC_WARN_UNUSED_FUNCTION = YES;
				GCC_WARN_UNUSED_VARIABLE = YES;
				IPHONEOS_DEPLOYMENT_TARGET = 15.0;
				MTL_ENABLE_DEBUG_INFO = INCLUDE_SOURCE;
				MTL_FAST_MATH = YES;
				ONLY_ACTIVE_ARCH = YES;
				SDKROOT = iphoneos;
				SWIFT_ACTIVE_COMPILATION_CONDITIONS = DEBUG;
				SWIFT_OPTIMIZATION_LEVEL = "-Onone";
			};
			name = Debug;
		};
		18AD341B27DC5242006F4C26 /* Release */ = {
			isa = XCBuildConfiguration;
			buildSettings = {
				ALWAYS_SEARCH_USER_PATHS = NO;
				CLANG_ANALYZER_NONNULL = YES;
				CLANG_ANALYZER_NUMBER_OBJECT_CONVERSION = YES_AGGRESSIVE;
				CLANG_CXX_LANGUAGE_STANDARD = "gnu++17";
				CLANG_CXX_LIBRARY = "libc++";
				CLANG_ENABLE_MODULES = YES;
				CLANG_ENABLE_OBJC_ARC = YES;
				CLANG_ENABLE_OBJC_WEAK = YES;
				CLANG_WARN_BLOCK_CAPTURE_AUTORELEASING = YES;
				CLANG_WARN_BOOL_CONVERSION = YES;
				CLANG_WARN_COMMA = YES;
				CLANG_WARN_CONSTANT_CONVERSION = YES;
				CLANG_WARN_DEPRECATED_OBJC_IMPLEMENTATIONS = YES;
				CLANG_WARN_DIRECT_OBJC_ISA_USAGE = YES_ERROR;
				CLANG_WARN_DOCUMENTATION_COMMENTS = YES;
				CLANG_WARN_EMPTY_BODY = YES;
				CLANG_WARN_ENUM_CONVERSION = YES;
				CLANG_WARN_INFINITE_RECURSION = YES;
				CLANG_WARN_INT_CONVERSION = YES;
				CLANG_WARN_NON_LITERAL_NULL_CONVERSION = YES;
				CLANG_WARN_OBJC_IMPLICIT_RETAIN_SELF = YES;
				CLANG_WARN_OBJC_LITERAL_CONVERSION = YES;
				CLANG_WARN_OBJC_ROOT_CLASS = YES_ERROR;
				CLANG_WARN_QUOTED_INCLUDE_IN_FRAMEWORK_HEADER = YES;
				CLANG_WARN_RANGE_LOOP_ANALYSIS = YES;
				CLANG_WARN_STRICT_PROTOTYPES = YES;
				CLANG_WARN_SUSPICIOUS_MOVE = YES;
				CLANG_WARN_UNGUARDED_AVAILABILITY = YES_AGGRESSIVE;
				CLANG_WARN_UNREACHABLE_CODE = YES;
				CLANG_WARN__DUPLICATE_METHOD_MATCH = YES;
				COPY_PHASE_STRIP = NO;
				DEBUG_INFORMATION_FORMAT = "dwarf-with-dsym";
				ENABLE_NS_ASSERTIONS = NO;
				ENABLE_STRICT_OBJC_MSGSEND = YES;
				GCC_C_LANGUAGE_STANDARD = gnu11;
				GCC_NO_COMMON_BLOCKS = YES;
				GCC_WARN_64_TO_32_BIT_CONVERSION = YES;
				GCC_WARN_ABOUT_RETURN_TYPE = YES_ERROR;
				GCC_WARN_UNDECLARED_SELECTOR = YES;
				GCC_WARN_UNINITIALIZED_AUTOS = YES_AGGRESSIVE;
				GCC_WARN_UNUSED_FUNCTION = YES;
				GCC_WARN_UNUSED_VARIABLE = YES;
				IPHONEOS_DEPLOYMENT_TARGET = 15.0;
				MTL_ENABLE_DEBUG_INFO = NO;
				MTL_FAST_MATH = YES;
				SDKROOT = iphoneos;
				SWIFT_COMPILATION_MODE = wholemodule;
				SWIFT_OPTIMIZATION_LEVEL = "-O";
				VALIDATE_PRODUCT = YES;
			};
			name = Release;
		};
		18AD341D27DC5242006F4C26 /* Debug */ = {
			isa = XCBuildConfiguration;
			baseConfigurationReference = 1733FBDD904B6BFAE140B5EC /* Pods-Practical_Movie.debug.xcconfig */;
			buildSettings = {
				ASSETCATALOG_COMPILER_APPICON_NAME = AppIcon;
				ASSETCATALOG_COMPILER_GLOBAL_ACCENT_COLOR_NAME = AccentColor;
				CODE_SIGN_STYLE = Automatic;
				CURRENT_PROJECT_VERSION = 1;
				GENERATE_INFOPLIST_FILE = YES;
				INFOPLIST_FILE = Practical_Movie/Info.plist;
				INFOPLIST_KEY_UIApplicationSupportsIndirectInputEvents = YES;
				INFOPLIST_KEY_UILaunchStoryboardName = LaunchScreen;
				INFOPLIST_KEY_UIMainStoryboardFile = Main;
				INFOPLIST_KEY_UISupportedInterfaceOrientations_iPad = "UIInterfaceOrientationPortrait UIInterfaceOrientationPortraitUpsideDown UIInterfaceOrientationLandscapeLeft UIInterfaceOrientationLandscapeRight";
				INFOPLIST_KEY_UISupportedInterfaceOrientations_iPhone = "UIInterfaceOrientationPortrait UIInterfaceOrientationLandscapeLeft UIInterfaceOrientationLandscapeRight";
				LD_RUNPATH_SEARCH_PATHS = (
					"$(inherited)",
					"@executable_path/Frameworks",
				);
				MARKETING_VERSION = 1.0;
				PRODUCT_BUNDLE_IDENTIFIER = "com.demo.Practical-Movie";
				PRODUCT_NAME = "$(TARGET_NAME)";
				SWIFT_EMIT_LOC_STRINGS = YES;
				SWIFT_VERSION = 5.0;
				TARGETED_DEVICE_FAMILY = "1,2";
			};
			name = Debug;
		};
		18AD341E27DC5242006F4C26 /* Release */ = {
			isa = XCBuildConfiguration;
			baseConfigurationReference = 8EBAA701E015BB8FAD30430B /* Pods-Practical_Movie.release.xcconfig */;
			buildSettings = {
				ASSETCATALOG_COMPILER_APPICON_NAME = AppIcon;
				ASSETCATALOG_COMPILER_GLOBAL_ACCENT_COLOR_NAME = AccentColor;
				CODE_SIGN_STYLE = Automatic;
				CURRENT_PROJECT_VERSION = 1;
				GENERATE_INFOPLIST_FILE = YES;
				INFOPLIST_FILE = Practical_Movie/Info.plist;
				INFOPLIST_KEY_UIApplicationSupportsIndirectInputEvents = YES;
				INFOPLIST_KEY_UILaunchStoryboardName = LaunchScreen;
				INFOPLIST_KEY_UIMainStoryboardFile = Main;
				INFOPLIST_KEY_UISupportedInterfaceOrientations_iPad = "UIInterfaceOrientationPortrait UIInterfaceOrientationPortraitUpsideDown UIInterfaceOrientationLandscapeLeft UIInterfaceOrientationLandscapeRight";
				INFOPLIST_KEY_UISupportedInterfaceOrientations_iPhone = "UIInterfaceOrientationPortrait UIInterfaceOrientationLandscapeLeft UIInterfaceOrientationLandscapeRight";
				LD_RUNPATH_SEARCH_PATHS = (
					"$(inherited)",
					"@executable_path/Frameworks",
				);
				MARKETING_VERSION = 1.0;
				PRODUCT_BUNDLE_IDENTIFIER = "com.demo.Practical-Movie";
				PRODUCT_NAME = "$(TARGET_NAME)";
				SWIFT_EMIT_LOC_STRINGS = YES;
				SWIFT_VERSION = 5.0;
				TARGETED_DEVICE_FAMILY = "1,2";
			};
			name = Release;
		};
/* End XCBuildConfiguration section */

/* Begin XCConfigurationList section */
		18AD340327DC523F006F4C26 /* Build configuration list for PBXProject "Practical_Movie" */ = {
			isa = XCConfigurationList;
			buildConfigurations = (
				18AD341A27DC5242006F4C26 /* Debug */,
				18AD341B27DC5242006F4C26 /* Release */,
			);
			defaultConfigurationIsVisible = 0;
			defaultConfigurationName = Release;
		};
		18AD341C27DC5242006F4C26 /* Build configuration list for PBXNativeTarget "Practical_Movie" */ = {
			isa = XCConfigurationList;
			buildConfigurations = (
				18AD341D27DC5242006F4C26 /* Debug */,
				18AD341E27DC5242006F4C26 /* Release */,
			);
			defaultConfigurationIsVisible = 0;
			defaultConfigurationName = Release;
		};
/* End XCConfigurationList section */
	};
	rootObject = 18AD340027DC523F006F4C26 /* Project object */;
}
